// !$*UTF8*$!
{
	archiveVersion = 1;
	classes = {
	};
	objectVersion = 50;
	objects = {

/* Begin PBXBuildFile section */
		E831B7F022FEF3B700383D26 /* PostDetailsPresenterTests.swift in Sources */ = {isa = PBXBuildFile; fileRef = E831B7EF22FEF3B700383D26 /* PostDetailsPresenterTests.swift */; };
		E831B7F222FEF3C800383D26 /* MockPostDetailsView.swift in Sources */ = {isa = PBXBuildFile; fileRef = E831B7F122FEF3C800383D26 /* MockPostDetailsView.swift */; };
		E831B7F422FEFD5F00383D26 /* Artist.swift in Sources */ = {isa = PBXBuildFile; fileRef = E831B7F322FEFD5F00383D26 /* Artist.swift */; };
		E831B7F722FF0FC800383D26 /* PostDetailsTransition.swift in Sources */ = {isa = PBXBuildFile; fileRef = E831B7F622FF0FC800383D26 /* PostDetailsTransition.swift */; };
		E8646DB822FEB3B50091C3A7 /* AppDelegate.swift in Sources */ = {isa = PBXBuildFile; fileRef = E8646DB722FEB3B50091C3A7 /* AppDelegate.swift */; };
		E8646DBA22FEB3B50091C3A7 /* MainViewController.swift in Sources */ = {isa = PBXBuildFile; fileRef = E8646DB922FEB3B50091C3A7 /* MainViewController.swift */; };
		E8646DBF22FEB3B60091C3A7 /* Assets.xcassets in Resources */ = {isa = PBXBuildFile; fileRef = E8646DBE22FEB3B60091C3A7 /* Assets.xcassets */; };
		E8646DC222FEB3B60091C3A7 /* LaunchScreen.storyboard in Resources */ = {isa = PBXBuildFile; fileRef = E8646DC022FEB3B60091C3A7 /* LaunchScreen.storyboard */; };
		E8646DDA22FEB49C0091C3A7 /* HttpRequest.swift in Sources */ = {isa = PBXBuildFile; fileRef = E8646DD922FEB49C0091C3A7 /* HttpRequest.swift */; };
		E8646DDC22FEB4BB0091C3A7 /* HttpService.swift in Sources */ = {isa = PBXBuildFile; fileRef = E8646DDB22FEB4BB0091C3A7 /* HttpService.swift */; };
		E8646DDF22FEB4FF0091C3A7 /* TattoosFetcher.swift in Sources */ = {isa = PBXBuildFile; fileRef = E8646DDE22FEB4FF0091C3A7 /* TattoosFetcher.swift */; };
		E8646DE122FEB53D0091C3A7 /* Post.swift in Sources */ = {isa = PBXBuildFile; fileRef = E8646DE022FEB53D0091C3A7 /* Post.swift */; };
		E8646DE322FEB86B0091C3A7 /* PostsResponse.swift in Sources */ = {isa = PBXBuildFile; fileRef = E8646DE222FEB86B0091C3A7 /* PostsResponse.swift */; };
		E8646DE822FEB9420091C3A7 /* MainPresenter.swift in Sources */ = {isa = PBXBuildFile; fileRef = E8646DE722FEB9420091C3A7 /* MainPresenter.swift */; };
		E8646DEA22FEB96E0091C3A7 /* TattoodooTattoosFetcher.swift in Sources */ = {isa = PBXBuildFile; fileRef = E8646DE922FEB96E0091C3A7 /* TattoodooTattoosFetcher.swift */; };
		E8646DEC22FEBA890091C3A7 /* TattoodooConfiguration.swift in Sources */ = {isa = PBXBuildFile; fileRef = E8646DEB22FEBA890091C3A7 /* TattoodooConfiguration.swift */; };
		E8646DF022FEBAAD0091C3A7 /* MainViewBuilder.swift in Sources */ = {isa = PBXBuildFile; fileRef = E8646DEF22FEBAAD0091C3A7 /* MainViewBuilder.swift */; };
		E8646DF322FEBCB90091C3A7 /* Presenter.swift in Sources */ = {isa = PBXBuildFile; fileRef = E8646DF222FEBCB90091C3A7 /* Presenter.swift */; };
		E8646DF622FEC0A90091C3A7 /* PostCell.swift in Sources */ = {isa = PBXBuildFile; fileRef = E8646DF522FEC0A90091C3A7 /* PostCell.swift */; };
		E8646DF922FEC1730091C3A7 /* UITableViewCell+ReusableIdentifier.swift in Sources */ = {isa = PBXBuildFile; fileRef = E8646DF822FEC1730091C3A7 /* UITableViewCell+ReusableIdentifier.swift */; };
		E8646DFB22FEC2260091C3A7 /* Cartfile in Resources */ = {isa = PBXBuildFile; fileRef = E8646DFA22FEC2260091C3A7 /* Cartfile */; };
		E8646DFF22FEC3950091C3A7 /* SDWebImage.framework in Frameworks */ = {isa = PBXBuildFile; fileRef = E8646DFD22FEC3910091C3A7 /* SDWebImage.framework */; };
		E8646E0022FEC3950091C3A7 /* SDWebImage.framework in Embed Frameworks */ = {isa = PBXBuildFile; fileRef = E8646DFD22FEC3910091C3A7 /* SDWebImage.framework */; settings = {ATTRIBUTES = (CodeSignOnCopy, RemoveHeadersOnCopy, ); }; };
		E8646E0322FEC4DC0091C3A7 /* PostImage.swift in Sources */ = {isa = PBXBuildFile; fileRef = E8646E0222FEC4DC0091C3A7 /* PostImage.swift */; };
		E8646E0822FEC5AC0091C3A7 /* PostDetailsViewController.swift in Sources */ = {isa = PBXBuildFile; fileRef = E8646E0722FEC5AC0091C3A7 /* PostDetailsViewController.swift */; };
		E8646E0A22FEC60F0091C3A7 /* PostDetailsPresenter.swift in Sources */ = {isa = PBXBuildFile; fileRef = E8646E0922FEC60F0091C3A7 /* PostDetailsPresenter.swift */; };
		E8646E0D22FEC6480091C3A7 /* PostDetailsViewBuilder.swift in Sources */ = {isa = PBXBuildFile; fileRef = E8646E0C22FEC6480091C3A7 /* PostDetailsViewBuilder.swift */; };
		E8646E1022FEC67D0091C3A7 /* MainRouter.swift in Sources */ = {isa = PBXBuildFile; fileRef = E8646E0F22FEC67D0091C3A7 /* MainRouter.swift */; };
		E8646E1322FECA630091C3A7 /* PostViewModel.swift in Sources */ = {isa = PBXBuildFile; fileRef = E8646E1222FECA630091C3A7 /* PostViewModel.swift */; };
		E8646E1522FECF550091C3A7 /* MainPresenterTests.swift in Sources */ = {isa = PBXBuildFile; fileRef = E8646E1422FECF550091C3A7 /* MainPresenterTests.swift */; };
		E8646E1822FECFCC0091C3A7 /* MockTattoosFetcher.swift in Sources */ = {isa = PBXBuildFile; fileRef = E8646E1722FECFCC0091C3A7 /* MockTattoosFetcher.swift */; };
		E8646E1A22FED0FD0091C3A7 /* MockMainView.swift in Sources */ = {isa = PBXBuildFile; fileRef = E8646E1922FED0FD0091C3A7 /* MockMainView.swift */; };
/* End PBXBuildFile section */

/* Begin PBXContainerItemProxy section */
		E8646DC922FEB3B60091C3A7 /* PBXContainerItemProxy */ = {
			isa = PBXContainerItemProxy;
			containerPortal = E8646DAC22FEB3B50091C3A7 /* Project object */;
			proxyType = 1;
			remoteGlobalIDString = E8646DB322FEB3B50091C3A7;
			remoteInfo = TattoodooApp;
		};
/* End PBXContainerItemProxy section */

/* Begin PBXCopyFilesBuildPhase section */
		E8646E0122FEC3950091C3A7 /* Embed Frameworks */ = {
			isa = PBXCopyFilesBuildPhase;
			buildActionMask = 2147483647;
			dstPath = "";
			dstSubfolderSpec = 10;
			files = (
				E8646E0022FEC3950091C3A7 /* SDWebImage.framework in Embed Frameworks */,
			);
			name = "Embed Frameworks";
			runOnlyForDeploymentPostprocessing = 0;
		};
/* End PBXCopyFilesBuildPhase section */

/* Begin PBXFileReference section */
		E831B7EF22FEF3B700383D26 /* PostDetailsPresenterTests.swift */ = {isa = PBXFileReference; lastKnownFileType = sourcecode.swift; path = PostDetailsPresenterTests.swift; sourceTree = "<group>"; };
		E831B7F122FEF3C800383D26 /* MockPostDetailsView.swift */ = {isa = PBXFileReference; lastKnownFileType = sourcecode.swift; path = MockPostDetailsView.swift; sourceTree = "<group>"; };
		E831B7F322FEFD5F00383D26 /* Artist.swift */ = {isa = PBXFileReference; lastKnownFileType = sourcecode.swift; path = Artist.swift; sourceTree = "<group>"; };
		E831B7F622FF0FC800383D26 /* PostDetailsTransition.swift */ = {isa = PBXFileReference; lastKnownFileType = sourcecode.swift; path = PostDetailsTransition.swift; sourceTree = "<group>"; };
		E8646DB422FEB3B50091C3A7 /* TattoodooApp.app */ = {isa = PBXFileReference; explicitFileType = wrapper.application; includeInIndex = 0; path = TattoodooApp.app; sourceTree = BUILT_PRODUCTS_DIR; };
		E8646DB722FEB3B50091C3A7 /* AppDelegate.swift */ = {isa = PBXFileReference; lastKnownFileType = sourcecode.swift; path = AppDelegate.swift; sourceTree = "<group>"; };
		E8646DB922FEB3B50091C3A7 /* MainViewController.swift */ = {isa = PBXFileReference; lastKnownFileType = sourcecode.swift; path = MainViewController.swift; sourceTree = "<group>"; };
		E8646DBE22FEB3B60091C3A7 /* Assets.xcassets */ = {isa = PBXFileReference; lastKnownFileType = folder.assetcatalog; path = Assets.xcassets; sourceTree = "<group>"; };
		E8646DC122FEB3B60091C3A7 /* Base */ = {isa = PBXFileReference; lastKnownFileType = file.storyboard; name = Base; path = Base.lproj/LaunchScreen.storyboard; sourceTree = "<group>"; };
		E8646DC322FEB3B60091C3A7 /* Info.plist */ = {isa = PBXFileReference; lastKnownFileType = text.plist.xml; path = Info.plist; sourceTree = "<group>"; };
		E8646DC822FEB3B60091C3A7 /* TattoodooAppTests.xctest */ = {isa = PBXFileReference; explicitFileType = wrapper.cfbundle; includeInIndex = 0; path = TattoodooAppTests.xctest; sourceTree = BUILT_PRODUCTS_DIR; };
		E8646DCE22FEB3B60091C3A7 /* Info.plist */ = {isa = PBXFileReference; lastKnownFileType = text.plist.xml; path = Info.plist; sourceTree = "<group>"; };
		E8646DD922FEB49C0091C3A7 /* HttpRequest.swift */ = {isa = PBXFileReference; lastKnownFileType = sourcecode.swift; path = HttpRequest.swift; sourceTree = "<group>"; };
		E8646DDB22FEB4BB0091C3A7 /* HttpService.swift */ = {isa = PBXFileReference; lastKnownFileType = sourcecode.swift; path = HttpService.swift; sourceTree = "<group>"; };
		E8646DDE22FEB4FF0091C3A7 /* TattoosFetcher.swift */ = {isa = PBXFileReference; lastKnownFileType = sourcecode.swift; path = TattoosFetcher.swift; sourceTree = "<group>"; };
		E8646DE022FEB53D0091C3A7 /* Post.swift */ = {isa = PBXFileReference; lastKnownFileType = sourcecode.swift; path = Post.swift; sourceTree = "<group>"; };
		E8646DE222FEB86B0091C3A7 /* PostsResponse.swift */ = {isa = PBXFileReference; lastKnownFileType = sourcecode.swift; path = PostsResponse.swift; sourceTree = "<group>"; };
		E8646DE722FEB9420091C3A7 /* MainPresenter.swift */ = {isa = PBXFileReference; lastKnownFileType = sourcecode.swift; path = MainPresenter.swift; sourceTree = "<group>"; };
		E8646DE922FEB96E0091C3A7 /* TattoodooTattoosFetcher.swift */ = {isa = PBXFileReference; lastKnownFileType = sourcecode.swift; path = TattoodooTattoosFetcher.swift; sourceTree = "<group>"; };
		E8646DEB22FEBA890091C3A7 /* TattoodooConfiguration.swift */ = {isa = PBXFileReference; lastKnownFileType = sourcecode.swift; path = TattoodooConfiguration.swift; sourceTree = "<group>"; };
		E8646DEF22FEBAAD0091C3A7 /* MainViewBuilder.swift */ = {isa = PBXFileReference; lastKnownFileType = sourcecode.swift; path = MainViewBuilder.swift; sourceTree = "<group>"; };
		E8646DF222FEBCB90091C3A7 /* Presenter.swift */ = {isa = PBXFileReference; lastKnownFileType = sourcecode.swift; path = Presenter.swift; sourceTree = "<group>"; };
		E8646DF522FEC0A90091C3A7 /* PostCell.swift */ = {isa = PBXFileReference; lastKnownFileType = sourcecode.swift; path = PostCell.swift; sourceTree = "<group>"; };
		E8646DF822FEC1730091C3A7 /* UITableViewCell+ReusableIdentifier.swift */ = {isa = PBXFileReference; lastKnownFileType = sourcecode.swift; path = "UITableViewCell+ReusableIdentifier.swift"; sourceTree = "<group>"; };
		E8646DFA22FEC2260091C3A7 /* Cartfile */ = {isa = PBXFileReference; lastKnownFileType = text; path = Cartfile; sourceTree = "<group>"; };
		E8646DFD22FEC3910091C3A7 /* SDWebImage.framework */ = {isa = PBXFileReference; lastKnownFileType = wrapper.framework; name = SDWebImage.framework; path = Carthage/Build/iOS/SDWebImage.framework; sourceTree = "<group>"; };
		E8646E0222FEC4DC0091C3A7 /* PostImage.swift */ = {isa = PBXFileReference; lastKnownFileType = sourcecode.swift; path = PostImage.swift; sourceTree = "<group>"; };
		E8646E0722FEC5AC0091C3A7 /* PostDetailsViewController.swift */ = {isa = PBXFileReference; lastKnownFileType = sourcecode.swift; path = PostDetailsViewController.swift; sourceTree = "<group>"; };
		E8646E0922FEC60F0091C3A7 /* PostDetailsPresenter.swift */ = {isa = PBXFileReference; lastKnownFileType = sourcecode.swift; path = PostDetailsPresenter.swift; sourceTree = "<group>"; };
		E8646E0C22FEC6480091C3A7 /* PostDetailsViewBuilder.swift */ = {isa = PBXFileReference; lastKnownFileType = sourcecode.swift; path = PostDetailsViewBuilder.swift; sourceTree = "<group>"; };
		E8646E0F22FEC67D0091C3A7 /* MainRouter.swift */ = {isa = PBXFileReference; lastKnownFileType = sourcecode.swift; path = MainRouter.swift; sourceTree = "<group>"; };
		E8646E1222FECA630091C3A7 /* PostViewModel.swift */ = {isa = PBXFileReference; lastKnownFileType = sourcecode.swift; path = PostViewModel.swift; sourceTree = "<group>"; };
		E8646E1422FECF550091C3A7 /* MainPresenterTests.swift */ = {isa = PBXFileReference; lastKnownFileType = sourcecode.swift; path = MainPresenterTests.swift; sourceTree = "<group>"; };
		E8646E1722FECFCC0091C3A7 /* MockTattoosFetcher.swift */ = {isa = PBXFileReference; lastKnownFileType = sourcecode.swift; path = MockTattoosFetcher.swift; sourceTree = "<group>"; };
		E8646E1922FED0FD0091C3A7 /* MockMainView.swift */ = {isa = PBXFileReference; lastKnownFileType = sourcecode.swift; path = MockMainView.swift; sourceTree = "<group>"; };
/* End PBXFileReference section */

/* Begin PBXFrameworksBuildPhase section */
		E8646DB122FEB3B50091C3A7 /* Frameworks */ = {
			isa = PBXFrameworksBuildPhase;
			buildActionMask = 2147483647;
			files = (
				E8646DFF22FEC3950091C3A7 /* SDWebImage.framework in Frameworks */,
			);
			runOnlyForDeploymentPostprocessing = 0;
		};
		E8646DC522FEB3B60091C3A7 /* Frameworks */ = {
			isa = PBXFrameworksBuildPhase;
			buildActionMask = 2147483647;
			files = (
			);
			runOnlyForDeploymentPostprocessing = 0;
		};
/* End PBXFrameworksBuildPhase section */

/* Begin PBXGroup section */
		E831B7F522FF0FA700383D26 /* Transitions */ = {
			isa = PBXGroup;
			children = (
				E831B7F622FF0FC800383D26 /* PostDetailsTransition.swift */,
			);
			path = Transitions;
			sourceTree = "<group>";
		};
		E8646DAB22FEB3B50091C3A7 = {
			isa = PBXGroup;
			children = (
				E8646DFA22FEC2260091C3A7 /* Cartfile */,
				E8646DB622FEB3B50091C3A7 /* TattoodooApp */,
				E8646DCB22FEB3B60091C3A7 /* TattoodooAppTests */,
				E8646DFC22FEC3780091C3A7 /* Frameworks */,
				E8646DB522FEB3B50091C3A7 /* Products */,
			);
			sourceTree = "<group>";
		};
		E8646DB522FEB3B50091C3A7 /* Products */ = {
			isa = PBXGroup;
			children = (
				E8646DB422FEB3B50091C3A7 /* TattoodooApp.app */,
				E8646DC822FEB3B60091C3A7 /* TattoodooAppTests.xctest */,
			);
			name = Products;
			sourceTree = "<group>";
		};
		E8646DB622FEB3B50091C3A7 /* TattoodooApp */ = {
			isa = PBXGroup;
			children = (
				E8646DD722FEB4810091C3A7 /* API */,
				E8646DF122FEBCAA0091C3A7 /* Common */,
				E8646DE422FEB9290091C3A7 /* Main */,
				E8646E0422FEC5810091C3A7 /* PostDetails */,
				E8646DF722FEC1520091C3A7 /* Extensions */,
				E8646DB722FEB3B50091C3A7 /* AppDelegate.swift */,
				E8646DBE22FEB3B60091C3A7 /* Assets.xcassets */,
				E8646DC022FEB3B60091C3A7 /* LaunchScreen.storyboard */,
				E8646DC322FEB3B60091C3A7 /* Info.plist */,
			);
			path = TattoodooApp;
			sourceTree = "<group>";
		};
		E8646DCB22FEB3B60091C3A7 /* TattoodooAppTests */ = {
			isa = PBXGroup;
			children = (
				E8646E1622FECFBC0091C3A7 /* Mock */,
				E8646DCE22FEB3B60091C3A7 /* Info.plist */,
				E8646E1422FECF550091C3A7 /* MainPresenterTests.swift */,
				E831B7EF22FEF3B700383D26 /* PostDetailsPresenterTests.swift */,
			);
			path = TattoodooAppTests;
			sourceTree = "<group>";
		};
		E8646DD722FEB4810091C3A7 /* API */ = {
			isa = PBXGroup;
			children = (
				E8646DD822FEB4880091C3A7 /* Core */,
				E8646DDD22FEB4EC0091C3A7 /* Data */,
				E8646DED22FEBA900091C3A7 /* Configuration */,
				E8646DDE22FEB4FF0091C3A7 /* TattoosFetcher.swift */,
				E8646DE922FEB96E0091C3A7 /* TattoodooTattoosFetcher.swift */,
			);
			path = API;
			sourceTree = "<group>";
		};
		E8646DD822FEB4880091C3A7 /* Core */ = {
			isa = PBXGroup;
			children = (
				E8646DD922FEB49C0091C3A7 /* HttpRequest.swift */,
				E8646DDB22FEB4BB0091C3A7 /* HttpService.swift */,
			);
			path = Core;
			sourceTree = "<group>";
		};
		E8646DDD22FEB4EC0091C3A7 /* Data */ = {
			isa = PBXGroup;
			children = (
				E8646DE222FEB86B0091C3A7 /* PostsResponse.swift */,
				E8646DE022FEB53D0091C3A7 /* Post.swift */,
				E8646E0222FEC4DC0091C3A7 /* PostImage.swift */,
				E831B7F322FEFD5F00383D26 /* Artist.swift */,
			);
			path = Data;
			sourceTree = "<group>";
		};
		E8646DE422FEB9290091C3A7 /* Main */ = {
			isa = PBXGroup;
			children = (
				E8646DEE22FEBAA10091C3A7 /* Builder */,
				E8646E0E22FEC66C0091C3A7 /* Router */,
				E8646DE622FEB9360091C3A7 /* Presenter */,
				E8646DE522FEB9310091C3A7 /* View */,
				E8646E1122FECA4B0091C3A7 /* ViewModel */,
			);
			path = Main;
			sourceTree = "<group>";
		};
		E8646DE522FEB9310091C3A7 /* View */ = {
			isa = PBXGroup;
			children = (
				E831B7F522FF0FA700383D26 /* Transitions */,
				E8646DF422FEC0970091C3A7 /* Cells */,
				E8646DB922FEB3B50091C3A7 /* MainViewController.swift */,
			);
			path = View;
			sourceTree = "<group>";
		};
		E8646DE622FEB9360091C3A7 /* Presenter */ = {
			isa = PBXGroup;
			children = (
				E8646DE722FEB9420091C3A7 /* MainPresenter.swift */,
			);
			path = Presenter;
			sourceTree = "<group>";
		};
		E8646DED22FEBA900091C3A7 /* Configuration */ = {
			isa = PBXGroup;
			children = (
				E8646DEB22FEBA890091C3A7 /* TattoodooConfiguration.swift */,
			);
			path = Configuration;
			sourceTree = "<group>";
		};
		E8646DEE22FEBAA10091C3A7 /* Builder */ = {
			isa = PBXGroup;
			children = (
				E8646DEF22FEBAAD0091C3A7 /* MainViewBuilder.swift */,
			);
			path = Builder;
			sourceTree = "<group>";
		};
		E8646DF122FEBCAA0091C3A7 /* Common */ = {
			isa = PBXGroup;
			children = (
				E8646DF222FEBCB90091C3A7 /* Presenter.swift */,
			);
			path = Common;
			sourceTree = "<group>";
		};
		E8646DF422FEC0970091C3A7 /* Cells */ = {
			isa = PBXGroup;
			children = (
				E8646DF522FEC0A90091C3A7 /* PostCell.swift */,
			);
			path = Cells;
			sourceTree = "<group>";
		};
		E8646DF722FEC1520091C3A7 /* Extensions */ = {
			isa = PBXGroup;
			children = (
				E8646DF822FEC1730091C3A7 /* UITableViewCell+ReusableIdentifier.swift */,
			);
			path = Extensions;
			sourceTree = "<group>";
		};
		E8646DFC22FEC3780091C3A7 /* Frameworks */ = {
			isa = PBXGroup;
			children = (
				E8646DFD22FEC3910091C3A7 /* SDWebImage.framework */,
			);
			name = Frameworks;
			sourceTree = "<group>";
		};
		E8646E0422FEC5810091C3A7 /* PostDetails */ = {
			isa = PBXGroup;
			children = (
				E8646E0B22FEC6380091C3A7 /* Builder */,
				E8646E0622FEC59A0091C3A7 /* Presenter */,
				E8646E0522FEC5960091C3A7 /* View */,
			);
			path = PostDetails;
			sourceTree = "<group>";
		};
		E8646E0522FEC5960091C3A7 /* View */ = {
			isa = PBXGroup;
			children = (
				E8646E0722FEC5AC0091C3A7 /* PostDetailsViewController.swift */,
			);
			path = View;
			sourceTree = "<group>";
		};
		E8646E0622FEC59A0091C3A7 /* Presenter */ = {
			isa = PBXGroup;
			children = (
				E8646E0922FEC60F0091C3A7 /* PostDetailsPresenter.swift */,
			);
			path = Presenter;
			sourceTree = "<group>";
		};
		E8646E0B22FEC6380091C3A7 /* Builder */ = {
			isa = PBXGroup;
			children = (
				E8646E0C22FEC6480091C3A7 /* PostDetailsViewBuilder.swift */,
			);
			path = Builder;
			sourceTree = "<group>";
		};
		E8646E0E22FEC66C0091C3A7 /* Router */ = {
			isa = PBXGroup;
			children = (
				E8646E0F22FEC67D0091C3A7 /* MainRouter.swift */,
			);
			path = Router;
			sourceTree = "<group>";
		};
		E8646E1122FECA4B0091C3A7 /* ViewModel */ = {
			isa = PBXGroup;
			children = (
				E8646E1222FECA630091C3A7 /* PostViewModel.swift */,
			);
			path = ViewModel;
			sourceTree = "<group>";
		};
		E8646E1622FECFBC0091C3A7 /* Mock */ = {
			isa = PBXGroup;
			children = (
				E8646E1722FECFCC0091C3A7 /* MockTattoosFetcher.swift */,
				E8646E1922FED0FD0091C3A7 /* MockMainView.swift */,
				E831B7F122FEF3C800383D26 /* MockPostDetailsView.swift */,
			);
			path = Mock;
			sourceTree = "<group>";
		};
/* End PBXGroup section */

/* Begin PBXNativeTarget section */
		E8646DB322FEB3B50091C3A7 /* TattoodooApp */ = {
			isa = PBXNativeTarget;
			buildConfigurationList = E8646DD122FEB3B60091C3A7 /* Build configuration list for PBXNativeTarget "TattoodooApp" */;
			buildPhases = (
				E8646DB022FEB3B50091C3A7 /* Sources */,
				E8646DB122FEB3B50091C3A7 /* Frameworks */,
				E8646DB222FEB3B50091C3A7 /* Resources */,
				E8646E0122FEC3950091C3A7 /* Embed Frameworks */,
			);
			buildRules = (
			);
			dependencies = (
			);
			name = TattoodooApp;
			productName = TattoodooApp;
			productReference = E8646DB422FEB3B50091C3A7 /* TattoodooApp.app */;
			productType = "com.apple.product-type.application";
		};
		E8646DC722FEB3B60091C3A7 /* TattoodooAppTests */ = {
			isa = PBXNativeTarget;
			buildConfigurationList = E8646DD422FEB3B60091C3A7 /* Build configuration list for PBXNativeTarget "TattoodooAppTests" */;
			buildPhases = (
				E8646DC422FEB3B60091C3A7 /* Sources */,
				E8646DC522FEB3B60091C3A7 /* Frameworks */,
				E8646DC622FEB3B60091C3A7 /* Resources */,
			);
			buildRules = (
			);
			dependencies = (
				E8646DCA22FEB3B60091C3A7 /* PBXTargetDependency */,
			);
			name = TattoodooAppTests;
			productName = TattoodooAppTests;
			productReference = E8646DC822FEB3B60091C3A7 /* TattoodooAppTests.xctest */;
			productType = "com.apple.product-type.bundle.unit-test";
		};
/* End PBXNativeTarget section */

/* Begin PBXProject section */
		E8646DAC22FEB3B50091C3A7 /* Project object */ = {
			isa = PBXProject;
			attributes = {
				LastSwiftUpdateCheck = 1030;
				LastUpgradeCheck = 1030;
				ORGANIZATIONNAME = "Artem Shuba";
				TargetAttributes = {
					E8646DB322FEB3B50091C3A7 = {
						CreatedOnToolsVersion = 10.3;
					};
					E8646DC722FEB3B60091C3A7 = {
						CreatedOnToolsVersion = 10.3;
						LastSwiftMigration = 1030;
						TestTargetID = E8646DB322FEB3B50091C3A7;
					};
				};
			};
			buildConfigurationList = E8646DAF22FEB3B50091C3A7 /* Build configuration list for PBXProject "TattoodooApp" */;
			compatibilityVersion = "Xcode 9.3";
			developmentRegion = en;
			hasScannedForEncodings = 0;
			knownRegions = (
				en,
				Base,
			);
			mainGroup = E8646DAB22FEB3B50091C3A7;
			productRefGroup = E8646DB522FEB3B50091C3A7 /* Products */;
			projectDirPath = "";
			projectRoot = "";
			targets = (
				E8646DB322FEB3B50091C3A7 /* TattoodooApp */,
				E8646DC722FEB3B60091C3A7 /* TattoodooAppTests */,
			);
		};
/* End PBXProject section */

/* Begin PBXResourcesBuildPhase section */
		E8646DB222FEB3B50091C3A7 /* Resources */ = {
			isa = PBXResourcesBuildPhase;
			buildActionMask = 2147483647;
			files = (
				E8646DFB22FEC2260091C3A7 /* Cartfile in Resources */,
				E8646DC222FEB3B60091C3A7 /* LaunchScreen.storyboard in Resources */,
				E8646DBF22FEB3B60091C3A7 /* Assets.xcassets in Resources */,
			);
			runOnlyForDeploymentPostprocessing = 0;
		};
		E8646DC622FEB3B60091C3A7 /* Resources */ = {
			isa = PBXResourcesBuildPhase;
			buildActionMask = 2147483647;
			files = (
			);
			runOnlyForDeploymentPostprocessing = 0;
		};
/* End PBXResourcesBuildPhase section */

/* Begin PBXSourcesBuildPhase section */
		E8646DB022FEB3B50091C3A7 /* Sources */ = {
			isa = PBXSourcesBuildPhase;
			buildActionMask = 2147483647;
			files = (
				E8646E1322FECA630091C3A7 /* PostViewModel.swift in Sources */,
				E8646DF022FEBAAD0091C3A7 /* MainViewBuilder.swift in Sources */,
				E8646DDF22FEB4FF0091C3A7 /* TattoosFetcher.swift in Sources */,
				E8646DF622FEC0A90091C3A7 /* PostCell.swift in Sources */,
				E8646DBA22FEB3B50091C3A7 /* MainViewController.swift in Sources */,
				E8646DEC22FEBA890091C3A7 /* TattoodooConfiguration.swift in Sources */,
				E831B7F422FEFD5F00383D26 /* Artist.swift in Sources */,
				E8646E0822FEC5AC0091C3A7 /* PostDetailsViewController.swift in Sources */,
				E8646E0A22FEC60F0091C3A7 /* PostDetailsPresenter.swift in Sources */,
				E8646DDC22FEB4BB0091C3A7 /* HttpService.swift in Sources */,
				E8646DE822FEB9420091C3A7 /* MainPresenter.swift in Sources */,
				E8646DEA22FEB96E0091C3A7 /* TattoodooTattoosFetcher.swift in Sources */,
				E8646E0322FEC4DC0091C3A7 /* PostImage.swift in Sources */,
				E8646DB822FEB3B50091C3A7 /* AppDelegate.swift in Sources */,
				E8646DF922FEC1730091C3A7 /* UITableViewCell+ReusableIdentifier.swift in Sources */,
				E8646E0D22FEC6480091C3A7 /* PostDetailsViewBuilder.swift in Sources */,
				E8646DF322FEBCB90091C3A7 /* Presenter.swift in Sources */,
				E8646DE122FEB53D0091C3A7 /* Post.swift in Sources */,
				E8646DDA22FEB49C0091C3A7 /* HttpRequest.swift in Sources */,
				E8646DE322FEB86B0091C3A7 /* PostsResponse.swift in Sources */,
				E8646E1022FEC67D0091C3A7 /* MainRouter.swift in Sources */,
				E831B7F722FF0FC800383D26 /* PostDetailsTransition.swift in Sources */,
			);
			runOnlyForDeploymentPostprocessing = 0;
		};
		E8646DC422FEB3B60091C3A7 /* Sources */ = {
			isa = PBXSourcesBuildPhase;
			buildActionMask = 2147483647;
			files = (
				E8646E1822FECFCC0091C3A7 /* MockTattoosFetcher.swift in Sources */,
				E831B7F022FEF3B700383D26 /* PostDetailsPresenterTests.swift in Sources */,
				E831B7F222FEF3C800383D26 /* MockPostDetailsView.swift in Sources */,
				E8646E1522FECF550091C3A7 /* MainPresenterTests.swift in Sources */,
				E8646E1A22FED0FD0091C3A7 /* MockMainView.swift in Sources */,
			);
			runOnlyForDeploymentPostprocessing = 0;
		};
/* End PBXSourcesBuildPhase section */

/* Begin PBXTargetDependency section */
		E8646DCA22FEB3B60091C3A7 /* PBXTargetDependency */ = {
			isa = PBXTargetDependency;
			target = E8646DB322FEB3B50091C3A7 /* TattoodooApp */;
			targetProxy = E8646DC922FEB3B60091C3A7 /* PBXContainerItemProxy */;
		};
/* End PBXTargetDependency section */

/* Begin PBXVariantGroup section */
		E8646DC022FEB3B60091C3A7 /* LaunchScreen.storyboard */ = {
			isa = PBXVariantGroup;
			children = (
				E8646DC122FEB3B60091C3A7 /* Base */,
			);
			name = LaunchScreen.storyboard;
			sourceTree = "<group>";
		};
/* End PBXVariantGroup section */

/* Begin XCBuildConfiguration section */
		E8646DCF22FEB3B60091C3A7 /* Debug */ = {
			isa = XCBuildConfiguration;
			buildSettings = {
				ALWAYS_SEARCH_USER_PATHS = NO;
				CLANG_ANALYZER_NONNULL = YES;
				CLANG_ANALYZER_NUMBER_OBJECT_CONVERSION = YES_AGGRESSIVE;
				CLANG_CXX_LANGUAGE_STANDARD = "gnu++14";
				CLANG_CXX_LIBRARY = "libc++";
				CLANG_ENABLE_MODULES = YES;
				CLANG_ENABLE_OBJC_ARC = YES;
				CLANG_ENABLE_OBJC_WEAK = YES;
				CLANG_WARN_BLOCK_CAPTURE_AUTORELEASING = YES;
				CLANG_WARN_BOOL_CONVERSION = YES;
				CLANG_WARN_COMMA = YES;
				CLANG_WARN_CONSTANT_CONVERSION = YES;
				CLANG_WARN_DEPRECATED_OBJC_IMPLEMENTATIONS = YES;
				CLANG_WARN_DIRECT_OBJC_ISA_USAGE = YES_ERROR;
				CLANG_WARN_DOCUMENTATION_COMMENTS = YES;
				CLANG_WARN_EMPTY_BODY = YES;
				CLANG_WARN_ENUM_CONVERSION = YES;
				CLANG_WARN_INFINITE_RECURSION = YES;
				CLANG_WARN_INT_CONVERSION = YES;
				CLANG_WARN_NON_LITERAL_NULL_CONVERSION = YES;
				CLANG_WARN_OBJC_IMPLICIT_RETAIN_SELF = YES;
				CLANG_WARN_OBJC_LITERAL_CONVERSION = YES;
				CLANG_WARN_OBJC_ROOT_CLASS = YES_ERROR;
				CLANG_WARN_RANGE_LOOP_ANALYSIS = YES;
				CLANG_WARN_STRICT_PROTOTYPES = YES;
				CLANG_WARN_SUSPICIOUS_MOVE = YES;
				CLANG_WARN_UNGUARDED_AVAILABILITY = YES_AGGRESSIVE;
				CLANG_WARN_UNREACHABLE_CODE = YES;
				CLANG_WARN__DUPLICATE_METHOD_MATCH = YES;
				CODE_SIGN_IDENTITY = "iPhone Developer";
				COPY_PHASE_STRIP = NO;
				DEBUG_INFORMATION_FORMAT = dwarf;
				ENABLE_STRICT_OBJC_MSGSEND = YES;
				ENABLE_TESTABILITY = YES;
				GCC_C_LANGUAGE_STANDARD = gnu11;
				GCC_DYNAMIC_NO_PIC = NO;
				GCC_NO_COMMON_BLOCKS = YES;
				GCC_OPTIMIZATION_LEVEL = 0;
				GCC_PREPROCESSOR_DEFINITIONS = (
					"DEBUG=1",
					"$(inherited)",
				);
				GCC_WARN_64_TO_32_BIT_CONVERSION = YES;
				GCC_WARN_ABOUT_RETURN_TYPE = YES_ERROR;
				GCC_WARN_UNDECLARED_SELECTOR = YES;
				GCC_WARN_UNINITIALIZED_AUTOS = YES_AGGRESSIVE;
				GCC_WARN_UNUSED_FUNCTION = YES;
				GCC_WARN_UNUSED_VARIABLE = YES;
				IPHONEOS_DEPLOYMENT_TARGET = 12.4;
				MTL_ENABLE_DEBUG_INFO = INCLUDE_SOURCE;
				MTL_FAST_MATH = YES;
				ONLY_ACTIVE_ARCH = YES;
				SDKROOT = iphoneos;
				SWIFT_ACTIVE_COMPILATION_CONDITIONS = DEBUG;
				SWIFT_OPTIMIZATION_LEVEL = "-Onone";
			};
			name = Debug;
		};
		E8646DD022FEB3B60091C3A7 /* Release */ = {
			isa = XCBuildConfiguration;
			buildSettings = {
				ALWAYS_SEARCH_USER_PATHS = NO;
				CLANG_ANALYZER_NONNULL = YES;
				CLANG_ANALYZER_NUMBER_OBJECT_CONVERSION = YES_AGGRESSIVE;
				CLANG_CXX_LANGUAGE_STANDARD = "gnu++14";
				CLANG_CXX_LIBRARY = "libc++";
				CLANG_ENABLE_MODULES = YES;
				CLANG_ENABLE_OBJC_ARC = YES;
				CLANG_ENABLE_OBJC_WEAK = YES;
				CLANG_WARN_BLOCK_CAPTURE_AUTORELEASING = YES;
				CLANG_WARN_BOOL_CONVERSION = YES;
				CLANG_WARN_COMMA = YES;
				CLANG_WARN_CONSTANT_CONVERSION = YES;
				CLANG_WARN_DEPRECATED_OBJC_IMPLEMENTATIONS = YES;
				CLANG_WARN_DIRECT_OBJC_ISA_USAGE = YES_ERROR;
				CLANG_WARN_DOCUMENTATION_COMMENTS = YES;
				CLANG_WARN_EMPTY_BODY = YES;
				CLANG_WARN_ENUM_CONVERSION = YES;
				CLANG_WARN_INFINITE_RECURSION = YES;
				CLANG_WARN_INT_CONVERSION = YES;
				CLANG_WARN_NON_LITERAL_NULL_CONVERSION = YES;
				CLANG_WARN_OBJC_IMPLICIT_RETAIN_SELF = YES;
				CLANG_WARN_OBJC_LITERAL_CONVERSION = YES;
				CLANG_WARN_OBJC_ROOT_CLASS = YES_ERROR;
				CLANG_WARN_RANGE_LOOP_ANALYSIS = YES;
				CLANG_WARN_STRICT_PROTOTYPES = YES;
				CLANG_WARN_SUSPICIOUS_MOVE = YES;
				CLANG_WARN_UNGUARDED_AVAILABILITY = YES_AGGRESSIVE;
				CLANG_WARN_UNREACHABLE_CODE = YES;
				CLANG_WARN__DUPLICATE_METHOD_MATCH = YES;
				CODE_SIGN_IDENTITY = "iPhone Developer";
				COPY_PHASE_STRIP = NO;
				DEBUG_INFORMATION_FORMAT = "dwarf-with-dsym";
				ENABLE_NS_ASSERTIONS = NO;
				ENABLE_STRICT_OBJC_MSGSEND = YES;
				GCC_C_LANGUAGE_STANDARD = gnu11;
				GCC_NO_COMMON_BLOCKS = YES;
				GCC_WARN_64_TO_32_BIT_CONVERSION = YES;
				GCC_WARN_ABOUT_RETURN_TYPE = YES_ERROR;
				GCC_WARN_UNDECLARED_SELECTOR = YES;
				GCC_WARN_UNINITIALIZED_AUTOS = YES_AGGRESSIVE;
				GCC_WARN_UNUSED_FUNCTION = YES;
				GCC_WARN_UNUSED_VARIABLE = YES;
				IPHONEOS_DEPLOYMENT_TARGET = 12.4;
				MTL_ENABLE_DEBUG_INFO = NO;
				MTL_FAST_MATH = YES;
				SDKROOT = iphoneos;
				SWIFT_COMPILATION_MODE = wholemodule;
				SWIFT_OPTIMIZATION_LEVEL = "-O";
				VALIDATE_PRODUCT = YES;
			};
			name = Release;
		};
		E8646DD222FEB3B60091C3A7 /* Debug */ = {
			isa = XCBuildConfiguration;
			buildSettings = {
				ASSETCATALOG_COMPILER_APPICON_NAME = AppIcon;
				CODE_SIGN_STYLE = Automatic;
				DEVELOPMENT_TEAM = 8FUBVVN7HH;
				FRAMEWORK_SEARCH_PATHS = (
					"$(inherited)",
					"$(PROJECT_DIR)/Carthage/Build/iOS",
				);
				INFOPLIST_FILE = TattoodooApp/Info.plist;
				IPHONEOS_DEPLOYMENT_TARGET = 10.0;
				LD_RUNPATH_SEARCH_PATHS = (
					"$(inherited)",
					"@executable_path/Frameworks",
				);
				PRODUCT_BUNDLE_IDENTIFIER = com.ashuba.TattoodooApp;
				PRODUCT_NAME = "$(TARGET_NAME)";
				SWIFT_VERSION = 5.0;
				TARGETED_DEVICE_FAMILY = "1,2";
			};
			name = Debug;
		};
		E8646DD322FEB3B60091C3A7 /* Release */ = {
			isa = XCBuildConfiguration;
			buildSettings = {
				ASSETCATALOG_COMPILER_APPICON_NAME = AppIcon;
				CODE_SIGN_STYLE = Automatic;
				DEVELOPMENT_TEAM = 8FUBVVN7HH;
				FRAMEWORK_SEARCH_PATHS = (
					"$(inherited)",
					"$(PROJECT_DIR)/Carthage/Build/iOS",
				);
				INFOPLIST_FILE = TattoodooApp/Info.plist;
				IPHONEOS_DEPLOYMENT_TARGET = 10.0;
				LD_RUNPATH_SEARCH_PATHS = (
					"$(inherited)",
					"@executable_path/Frameworks",
				);
				PRODUCT_BUNDLE_IDENTIFIER = com.ashuba.TattoodooApp;
				PRODUCT_NAME = "$(TARGET_NAME)";
				SWIFT_VERSION = 5.0;
				TARGETED_DEVICE_FAMILY = "1,2";
			};
			name = Release;
		};
		E8646DD522FEB3B60091C3A7 /* Debug */ = {
			isa = XCBuildConfiguration;
			buildSettings = {
				ALWAYS_EMBED_SWIFT_STANDARD_LIBRARIES = YES;
				BUNDLE_LOADER = "$(TEST_HOST)";
				CLANG_ENABLE_MODULES = YES;
				CODE_SIGN_STYLE = Automatic;
				DEVELOPMENT_TEAM = 8FUBVVN7HH;
				INFOPLIST_FILE = TattoodooAppTests/Info.plist;
				LD_RUNPATH_SEARCH_PATHS = (
					"$(inherited)",
					"@executable_path/Frameworks",
					"@loader_path/Frameworks",
				);
				PRODUCT_BUNDLE_IDENTIFIER = com.ashuba.TattoodooAppTests;
				PRODUCT_NAME = "$(TARGET_NAME)";
				SWIFT_OPTIMIZATION_LEVEL = "-Onone";
				SWIFT_VERSION = 5.0;
				TARGETED_DEVICE_FAMILY = "1,2";
				TEST_HOST = "$(BUILT_PRODUCTS_DIR)/TattoodooApp.app/TattoodooApp";
			};
			name = Debug;
		};
		E8646DD622FEB3B60091C3A7 /* Release */ = {
			isa = XCBuildConfiguration;
			buildSettings = {
				ALWAYS_EMBED_SWIFT_STANDARD_LIBRARIES = YES;
				BUNDLE_LOADER = "$(TEST_HOST)";
				CLANG_ENABLE_MODULES = YES;
				CODE_SIGN_STYLE = Automatic;
				DEVELOPMENT_TEAM = 8FUBVVN7HH;
				INFOPLIST_FILE = TattoodooAppTests/Info.plist;
				LD_RUNPATH_SEARCH_PATHS = (
					"$(inherited)",
					"@executable_path/Frameworks",
					"@loader_path/Frameworks",
				);
				PRODUCT_BUNDLE_IDENTIFIER = com.ashuba.TattoodooAppTests;
				PRODUCT_NAME = "$(TARGET_NAME)";
				SWIFT_VERSION = 5.0;
				TARGETED_DEVICE_FAMILY = "1,2";
				TEST_HOST = "$(BUILT_PRODUCTS_DIR)/TattoodooApp.app/TattoodooApp";
			};
			name = Release;
		};
/* End XCBuildConfiguration section */

/* Begin XCConfigurationList section */
		E8646DAF22FEB3B50091C3A7 /* Build configuration list for PBXProject "TattoodooApp" */ = {
			isa = XCConfigurationList;
			buildConfigurations = (
				E8646DCF22FEB3B60091C3A7 /* Debug */,
				E8646DD022FEB3B60091C3A7 /* Release */,
			);
			defaultConfigurationIsVisible = 0;
			defaultConfigurationName = Release;
		};
		E8646DD122FEB3B60091C3A7 /* Build configuration list for PBXNativeTarget "TattoodooApp" */ = {
			isa = XCConfigurationList;
			buildConfigurations = (
				E8646DD222FEB3B60091C3A7 /* Debug */,
				E8646DD322FEB3B60091C3A7 /* Release */,
			);
			defaultConfigurationIsVisible = 0;
			defaultConfigurationName = Release;
		};
		E8646DD422FEB3B60091C3A7 /* Build configuration list for PBXNativeTarget "TattoodooAppTests" */ = {
			isa = XCConfigurationList;
			buildConfigurations = (
				E8646DD522FEB3B60091C3A7 /* Debug */,
				E8646DD622FEB3B60091C3A7 /* Release */,
			);
			defaultConfigurationIsVisible = 0;
			defaultConfigurationName = Release;
		};
/* End XCConfigurationList section */
	};
	rootObject = E8646DAC22FEB3B50091C3A7 /* Project object */;
}
